
Microsoft Visual Studio Solution File, Format Version 12.00
# Visual Studio Version 17
VisualStudioVersion = 17.4.33213.308
MinimumVisualStudioVersion = 10.0.40219.1
Project("{9A19103F-16F7-4668-BE54-9A1E7A4F7556}") = "Hive.Common.Codec.Abstractions", "Common\Hive.Common.Codec.Abstractions\Hive.Common.Codec.Abstractions.csproj", "{4C398EE9-35A2-46F2-A9BE-F377749C2511}"
EndProject
Project("{9A19103F-16F7-4668-BE54-9A1E7A4F7556}") = "Hive.Common.Codec.Protobuf", "Common\Hive.Common.Codec.Protobuf\Hive.Common.Codec.Protobuf.csproj", "{104BD1C4-DD36-4610-85CE-0F0357DB8503}"
EndProject
Project("{9A19103F-16F7-4668-BE54-9A1E7A4F7556}") = "Hive.Common.Shared", "Common\Hive.Common.Shared\Hive.Common.Shared.csproj", "{CBB6DEBC-DCCF-4AD7-A6D1-9377BA6D96F0}"
EndProject
Project("{9A19103F-16F7-4668-BE54-9A1E7A4F7556}") = "Hive.Common.Networking.Abstractions", "Common\Hive.Common.Networking.Abstractions\Hive.Common.Networking.Abstractions.csproj", "{E49B46F9-C834-4C33-ADFD-6D4127A1EC9F}"
EndProject
Project("{9A19103F-16F7-4668-BE54-9A1E7A4F7556}") = "Hive.Common.Networking.Shared", "Common\Hive.Common.Networking.Shared\Hive.Common.Networking.Shared.csproj", "{CD2BD09A-7232-48F6-BCB9-A47EB1B79E53}"
EndProject
Project("{9A19103F-16F7-4668-BE54-9A1E7A4F7556}") = "Hive.Common.Networking.Tcp", "Common\Hive.Common.Networking.Tcp\Hive.Common.Networking.Tcp.csproj", "{6ADEBC90-7261-4ED8-8637-04F465AAE456}"
EndProject
Project("{9A19103F-16F7-4668-BE54-9A1E7A4F7556}") = "Hive.Common.Networking.Udp", "Common\Hive.Common.Networking.Udp\Hive.Common.Networking.Udp.csproj", "{0F779828-D569-4A91-BC36-027E27B5697A}"
EndProject
Project("{9A19103F-16F7-4668-BE54-9A1E7A4F7556}") = "Hive.Common.Networking.Quic", "Common\Hive.Common.Networking.Quic\Hive.Common.Networking.Quic.csproj", "{8BDFBDC2-6A34-4D9B-9CC8-CF982418C82A}"
EndProject
Project("{9A19103F-16F7-4668-BE54-9A1E7A4F7556}") = "Hive.Common.Networking.Kcp", "Common\Hive.Common.Networking.Kcp\Hive.Common.Networking.Kcp.csproj", "{D37963AE-DF99-4708-A112-1C09031EF301}"
EndProject
Project("{9A19103F-16F7-4668-BE54-9A1E7A4F7556}") = "Hive.Common.Networking.Tests", "Common\Hive.Common.Networking.Tests\Hive.Common.Networking.Tests.csproj", "{A8F7A182-6039-4F44-A05B-D39D5B69AACD}"
EndProject
Project("{9A19103F-16F7-4668-BE54-9A1E7A4F7556}") = "Hive.Common.Codec.Bson", "Common\Hive.Common.Codec.Bson\Hive.Common.Codec.Bson.csproj", "{9CC078D2-8056-4A7E-8F13-6A6F6DB0B023}"
EndProject
Project("{9A19103F-16F7-4668-BE54-9A1E7A4F7556}") = "Hive.Common.ECS", "Common\Hive.Common.ECS\Hive.Common.ECS.csproj", "{EA4009E3-0588-447D-A786-68FEDDDECA39}"
EndProject
Project("{9A19103F-16F7-4668-BE54-9A1E7A4F7556}") = "Hive.Common.Benchmark", "Common\Hive.Common.Benchmark\Hive.Common.Benchmark.csproj", "{8B8134DC-8118-419E-8656-73B5E2B0F077}"
EndProject
Project("{2150E333-8FDC-42A3-9474-1A3956D46DE8}") = "Codecs", "Codecs", "{8B7F1FE5-0214-43B4-B698-58BF5D2C4CAE}"
EndProject
Project("{2150E333-8FDC-42A3-9474-1A3956D46DE8}") = "Common", "Common", "{B821F9BF-F447-4406-971F-6DA307812FAD}"
EndProject
Project("{9A19103F-16F7-4668-BE54-9A1E7A4F7556}") = "Hive.Common.Codec.Shared", "Common\Hive.Common.Codec.Shared\Hive.Common.Codec.Shared.csproj", "{149A1F50-51C9-4329-B24F-CA2858A3DA58}"
EndProject
Project("{9A19103F-16F7-4668-BE54-9A1E7A4F7556}") = "Hive.Common.Codec.MemoryPack", "Common\Hive.Common.Codec.MemoryPack\Hive.Common.Codec.MemoryPack.csproj", "{6C814700-E7A0-4196-905D-5D036E2908D2}"
EndProject
Global
	GlobalSection(SolutionConfigurationPlatforms) = preSolution
		Debug|Any CPU = Debug|Any CPU
		Release|Any CPU = Release|Any CPU
	EndGlobalSection
	GlobalSection(ProjectConfigurationPlatforms) = postSolution
		{4C398EE9-35A2-46F2-A9BE-F377749C2511}.Debug|Any CPU.ActiveCfg = Debug|Any CPU
		{4C398EE9-35A2-46F2-A9BE-F377749C2511}.Debug|Any CPU.Build.0 = Debug|Any CPU
		{4C398EE9-35A2-46F2-A9BE-F377749C2511}.Release|Any CPU.ActiveCfg = Release|Any CPU
		{4C398EE9-35A2-46F2-A9BE-F377749C2511}.Release|Any CPU.Build.0 = Release|Any CPU
		{104BD1C4-DD36-4610-85CE-0F0357DB8503}.Debug|Any CPU.ActiveCfg = Debug|Any CPU
		{104BD1C4-DD36-4610-85CE-0F0357DB8503}.Debug|Any CPU.Build.0 = Debug|Any CPU
		{104BD1C4-DD36-4610-85CE-0F0357DB8503}.Release|Any CPU.ActiveCfg = Release|Any CPU
		{104BD1C4-DD36-4610-85CE-0F0357DB8503}.Release|Any CPU.Build.0 = Release|Any CPU
		{CBB6DEBC-DCCF-4AD7-A6D1-9377BA6D96F0}.Debug|Any CPU.ActiveCfg = Debug|Any CPU
		{CBB6DEBC-DCCF-4AD7-A6D1-9377BA6D96F0}.Debug|Any CPU.Build.0 = Debug|Any CPU
		{CBB6DEBC-DCCF-4AD7-A6D1-9377BA6D96F0}.Release|Any CPU.ActiveCfg = Release|Any CPU
		{CBB6DEBC-DCCF-4AD7-A6D1-9377BA6D96F0}.Release|Any CPU.Build.0 = Release|Any CPU
		{E49B46F9-C834-4C33-ADFD-6D4127A1EC9F}.Debug|Any CPU.ActiveCfg = Debug|Any CPU
		{E49B46F9-C834-4C33-ADFD-6D4127A1EC9F}.Debug|Any CPU.Build.0 = Debug|Any CPU
		{E49B46F9-C834-4C33-ADFD-6D4127A1EC9F}.Release|Any CPU.ActiveCfg = Release|Any CPU
		{E49B46F9-C834-4C33-ADFD-6D4127A1EC9F}.Release|Any CPU.Build.0 = Release|Any CPU
		{CD2BD09A-7232-48F6-BCB9-A47EB1B79E53}.Debug|Any CPU.ActiveCfg = Debug|Any CPU
		{CD2BD09A-7232-48F6-BCB9-A47EB1B79E53}.Debug|Any CPU.Build.0 = Debug|Any CPU
		{CD2BD09A-7232-48F6-BCB9-A47EB1B79E53}.Release|Any CPU.ActiveCfg = Release|Any CPU
		{CD2BD09A-7232-48F6-BCB9-A47EB1B79E53}.Release|Any CPU.Build.0 = Release|Any CPU
		{6ADEBC90-7261-4ED8-8637-04F465AAE456}.Debug|Any CPU.ActiveCfg = Debug|Any CPU
		{6ADEBC90-7261-4ED8-8637-04F465AAE456}.Debug|Any CPU.Build.0 = Debug|Any CPU
		{6ADEBC90-7261-4ED8-8637-04F465AAE456}.Release|Any CPU.ActiveCfg = Release|Any CPU
		{6ADEBC90-7261-4ED8-8637-04F465AAE456}.Release|Any CPU.Build.0 = Release|Any CPU
		{0F779828-D569-4A91-BC36-027E27B5697A}.Debug|Any CPU.ActiveCfg = Debug|Any CPU
		{0F779828-D569-4A91-BC36-027E27B5697A}.Debug|Any CPU.Build.0 = Debug|Any CPU
		{0F779828-D569-4A91-BC36-027E27B5697A}.Release|Any CPU.ActiveCfg = Release|Any CPU
		{0F779828-D569-4A91-BC36-027E27B5697A}.Release|Any CPU.Build.0 = Release|Any CPU
		{8BDFBDC2-6A34-4D9B-9CC8-CF982418C82A}.Debug|Any CPU.ActiveCfg = Debug|Any CPU
		{8BDFBDC2-6A34-4D9B-9CC8-CF982418C82A}.Debug|Any CPU.Build.0 = Debug|Any CPU
		{8BDFBDC2-6A34-4D9B-9CC8-CF982418C82A}.Release|Any CPU.ActiveCfg = Release|Any CPU
		{8BDFBDC2-6A34-4D9B-9CC8-CF982418C82A}.Release|Any CPU.Build.0 = Release|Any CPU
		{D37963AE-DF99-4708-A112-1C09031EF301}.Debug|Any CPU.ActiveCfg = Debug|Any CPU
		{D37963AE-DF99-4708-A112-1C09031EF301}.Debug|Any CPU.Build.0 = Debug|Any CPU
		{D37963AE-DF99-4708-A112-1C09031EF301}.Release|Any CPU.ActiveCfg = Release|Any CPU
		{D37963AE-DF99-4708-A112-1C09031EF301}.Release|Any CPU.Build.0 = Release|Any CPU
		{A8F7A182-6039-4F44-A05B-D39D5B69AACD}.Debug|Any CPU.ActiveCfg = Debug|Any CPU
		{A8F7A182-6039-4F44-A05B-D39D5B69AACD}.Debug|Any CPU.Build.0 = Debug|Any CPU
		{A8F7A182-6039-4F44-A05B-D39D5B69AACD}.Release|Any CPU.ActiveCfg = Release|Any CPU
		{A8F7A182-6039-4F44-A05B-D39D5B69AACD}.Release|Any CPU.Build.0 = Release|Any CPU
		{9CC078D2-8056-4A7E-8F13-6A6F6DB0B023}.Debug|Any CPU.ActiveCfg = Debug|Any CPU
		{9CC078D2-8056-4A7E-8F13-6A6F6DB0B023}.Debug|Any CPU.Build.0 = Debug|Any CPU
		{9CC078D2-8056-4A7E-8F13-6A6F6DB0B023}.Release|Any CPU.ActiveCfg = Release|Any CPU
		{9CC078D2-8056-4A7E-8F13-6A6F6DB0B023}.Release|Any CPU.Build.0 = Release|Any CPU
		{EA4009E3-0588-447D-A786-68FEDDDECA39}.Debug|Any CPU.ActiveCfg = Debug|Any CPU
		{EA4009E3-0588-447D-A786-68FEDDDECA39}.Debug|Any CPU.Build.0 = Debug|Any CPU
		{EA4009E3-0588-447D-A786-68FEDDDECA39}.Release|Any CPU.ActiveCfg = Release|Any CPU
		{EA4009E3-0588-447D-A786-68FEDDDECA39}.Release|Any CPU.Build.0 = Release|Any CPU
		{8B8134DC-8118-419E-8656-73B5E2B0F077}.Debug|Any CPU.ActiveCfg = Debug|Any CPU
		{8B8134DC-8118-419E-8656-73B5E2B0F077}.Debug|Any CPU.Build.0 = Debug|Any CPU
		{8B8134DC-8118-419E-8656-73B5E2B0F077}.Release|Any CPU.ActiveCfg = Release|Any CPU
		{8B8134DC-8118-419E-8656-73B5E2B0F077}.Release|Any CPU.Build.0 = Release|Any CPU
		{149A1F50-51C9-4329-B24F-CA2858A3DA58}.Debug|Any CPU.ActiveCfg = Debug|Any CPU
		{149A1F50-51C9-4329-B24F-CA2858A3DA58}.Debug|Any CPU.Build.0 = Debug|Any CPU
		{149A1F50-51C9-4329-B24F-CA2858A3DA58}.Release|Any CPU.ActiveCfg = Release|Any CPU
		{149A1F50-51C9-4329-B24F-CA2858A3DA58}.Release|Any CPU.Build.0 = Release|Any CPU
		{6C814700-E7A0-4196-905D-5D036E2908D2}.Debug|Any CPU.ActiveCfg = Debug|Any CPU
		{6C814700-E7A0-4196-905D-5D036E2908D2}.Debug|Any CPU.Build.0 = Debug|Any CPU
		{6C814700-E7A0-4196-905D-5D036E2908D2}.Release|Any CPU.ActiveCfg = Release|Any CPU
		{6C814700-E7A0-4196-905D-5D036E2908D2}.Release|Any CPU.Build.0 = Release|Any CPU
	EndGlobalSection
	GlobalSection(SolutionProperties) = preSolution
		HideSolutionNode = FALSE
	EndGlobalSection
	GlobalSection(NestedProjects) = preSolution
		{4C398EE9-35A2-46F2-A9BE-F377749C2511} = {8B7F1FE5-0214-43B4-B698-58BF5D2C4CAE}
		{104BD1C4-DD36-4610-85CE-0F0357DB8503} = {8B7F1FE5-0214-43B4-B698-58BF5D2C4CAE}
		{CBB6DEBC-DCCF-4AD7-A6D1-9377BA6D96F0} = {B821F9BF-F447-4406-971F-6DA307812FAD}
		{E49B46F9-C834-4C33-ADFD-6D4127A1EC9F} = {B821F9BF-F447-4406-971F-6DA307812FAD}
		{CD2BD09A-7232-48F6-BCB9-A47EB1B79E53} = {B821F9BF-F447-4406-971F-6DA307812FAD}
		{6ADEBC90-7261-4ED8-8637-04F465AAE456} = {B821F9BF-F447-4406-971F-6DA307812FAD}
		{0F779828-D569-4A91-BC36-027E27B5697A} = {B821F9BF-F447-4406-971F-6DA307812FAD}
		{8BDFBDC2-6A34-4D9B-9CC8-CF982418C82A} = {B821F9BF-F447-4406-971F-6DA307812FAD}
		{D37963AE-DF99-4708-A112-1C09031EF301} = {B821F9BF-F447-4406-971F-6DA307812FAD}
		{A8F7A182-6039-4F44-A05B-D39D5B69AACD} = {B821F9BF-F447-4406-971F-6DA307812FAD}
		{9CC078D2-8056-4A7E-8F13-6A6F6DB0B023} = {8B7F1FE5-0214-43B4-B698-58BF5D2C4CAE}
		{EA4009E3-0588-447D-A786-68FEDDDECA39} = {B821F9BF-F447-4406-971F-6DA307812FAD}
		{8B8134DC-8118-419E-8656-73B5E2B0F077} = {B821F9BF-F447-4406-971F-6DA307812FAD}
		{149A1F50-51C9-4329-B24F-CA2858A3DA58} = {8B7F1FE5-0214-43B4-B698-58BF5D2C4CAE}
		{6C814700-E7A0-4196-905D-5D036E2908D2} = {8B7F1FE5-0214-43B4-B698-58BF5D2C4CAE}
	EndGlobalSection
	GlobalSection(ExtensibilityGlobals) = postSolution
		SolutionGuid = {F2F9E22D-2C90-425D-86FF-62DCA2D66872}
	EndGlobalSection
EndGlobal
